
Microsoft Visual Studio Solution File, Format Version 12.00
# Visual Studio 2012
Project("{FAE04EC0-301F-11D3-BF4B-00C04F79EFBC}") = "ConsultantProfiles", "ConsultantProfiles\ConsultantProfiles.csproj", "{D23CB03F-076E-4414-98DB-325E63C3B2F2}"
EndProject
Project("{FAE04EC0-301F-11D3-BF4B-00C04F79EFBC}") = "ConsultantProfiles.Tests", "ConsultantProfiles.Tests\ConsultantProfiles.Tests.csproj", "{A2D8CDC5-7C5A-4B5C-ABD2-484984DF9315}"
EndProject
Global
	GlobalSection(SolutionConfigurationPlatforms) = preSolution
		Debug|Any CPU = Debug|Any CPU
		Release|Any CPU = Release|Any CPU
	EndGlobalSection
	GlobalSection(ProjectConfigurationPlatforms) = postSolution
		{D23CB03F-076E-4414-98DB-325E63C3B2F2}.Debug|Any CPU.ActiveCfg = Debug|Any CPU
		{D23CB03F-076E-4414-98DB-325E63C3B2F2}.Debug|Any CPU.Build.0 = Debug|Any CPU
		{D23CB03F-076E-4414-98DB-325E63C3B2F2}.Release|Any CPU.ActiveCfg = Release|Any CPU
		{D23CB03F-076E-4414-98DB-325E63C3B2F2}.Release|Any CPU.Build.0 = Release|Any CPU
		{A2D8CDC5-7C5A-4B5C-ABD2-484984DF9315}.Debug|Any CPU.ActiveCfg = Debug|Any CPU
		{A2D8CDC5-7C5A-4B5C-ABD2-484984DF9315}.Debug|Any CPU.Build.0 = Debug|Any CPU
		{A2D8CDC5-7C5A-4B5C-ABD2-484984DF9315}.Release|Any CPU.ActiveCfg = Release|Any CPU
		{A2D8CDC5-7C5A-4B5C-ABD2-484984DF9315}.Release|Any CPU.Build.0 = Release|Any CPU
	EndGlobalSection
	GlobalSection(SolutionProperties) = preSolution
		HideSolutionNode = FALSE
	EndGlobalSection
EndGlobal
